
Microsoft Visual Studio Solution File, Format Version 10.00
# Visual Studio 2008
# SharpDevelop 3.1.0.4977
Project("{FAE04EC0-301F-11D3-BF4B-00C04F79EFBC}") = "OpenBve", "OpenBve\OpenBve.csproj", "{AFB687A4-44F9-46BA-A15B-87F0BA3E7E8D}"
EndProject
Project("{FAE04EC0-301F-11D3-BF4B-00C04F79EFBC}") = "OpenBveApi", "OpenBveApi\OpenBveApi.csproj", "{4200B701-6395-4A84-8DF0-E6017D02B078}"
EndProject
Project("{2150E333-8FDC-42A3-9474-1A3956D46DE8}") = "Plugins", "Plugins", "{792B0AF6-7E9A-4309-A9C8-2BE65D85799A}"
	ProjectSection(SolutionItems) = postProject
	EndProjectSection
EndProject
Project("{FAE04EC0-301F-11D3-BF4B-00C04F79EFBC}") = "Texture.BmpGifExigJpgPngTiff", "Texture.BmpGifExigJpgPngTiff\Texture.BmpGifExigJpgPngTiff.csproj", "{A07774E6-D62B-4663-8041-515E73D1D06E}"
EndProject
Project("{FAE04EC0-301F-11D3-BF4B-00C04F79EFBC}") = "Sound.Wav", "Sound.Wav\Sound.Wav.csproj", "{EC1CAC65-B56A-49A0-8001-6FF8F2DA3D2E}"
EndProject
Project("{FAE04EC0-301F-11D3-BF4B-00C04F79EFBC}") = "Object.B3dCsv", "Object.B3dCsv\Object.B3dCsv.csproj", "{6CDB1405-063E-4D7A-9B89-D8369E9A5A20}"
EndProject
Project("{FAE04EC0-301F-11D3-BF4B-00C04F79EFBC}") = "Route.CsvRw", "Route.CsvRw\Route.CsvRw.csproj", "{DC807921-C44B-43B9-8F71-C40B983030E7}"
EndProject
Project("{FAE04EC0-301F-11D3-BF4B-00C04F79EFBC}") = "Object.X", "Object.X\Object.X.csproj", "{C53ADC08-2CFD-4ECD-B153-39E771456CD2}"
EndProject
Global
	GlobalSection(SolutionConfigurationPlatforms) = preSolution
		Debug|Any CPU = Debug|Any CPU
		Release|Any CPU = Release|Any CPU
	EndGlobalSection
	GlobalSection(ProjectConfigurationPlatforms) = postSolution
		{AFB687A4-44F9-46BA-A15B-87F0BA3E7E8D}.Debug|Any CPU.Build.0 = Debug|Any CPU
		{AFB687A4-44F9-46BA-A15B-87F0BA3E7E8D}.Debug|Any CPU.ActiveCfg = Debug|Any CPU
		{AFB687A4-44F9-46BA-A15B-87F0BA3E7E8D}.Release|Any CPU.Build.0 = Release|Any CPU
		{AFB687A4-44F9-46BA-A15B-87F0BA3E7E8D}.Release|Any CPU.ActiveCfg = Release|Any CPU
		{4200B701-6395-4A84-8DF0-E6017D02B078}.Debug|Any CPU.Build.0 = Debug|Any CPU
		{4200B701-6395-4A84-8DF0-E6017D02B078}.Debug|Any CPU.ActiveCfg = Debug|Any CPU
		{4200B701-6395-4A84-8DF0-E6017D02B078}.Release|Any CPU.Build.0 = Release|Any CPU
		{4200B701-6395-4A84-8DF0-E6017D02B078}.Release|Any CPU.ActiveCfg = Release|Any CPU
		{A07774E6-D62B-4663-8041-515E73D1D06E}.Debug|Any CPU.Build.0 = Debug|Any CPU
		{A07774E6-D62B-4663-8041-515E73D1D06E}.Debug|Any CPU.ActiveCfg = Debug|Any CPU
		{A07774E6-D62B-4663-8041-515E73D1D06E}.Release|Any CPU.Build.0 = Release|Any CPU
		{A07774E6-D62B-4663-8041-515E73D1D06E}.Release|Any CPU.ActiveCfg = Release|Any CPU
		{EC1CAC65-B56A-49A0-8001-6FF8F2DA3D2E}.Debug|Any CPU.Build.0 = Debug|Any CPU
		{EC1CAC65-B56A-49A0-8001-6FF8F2DA3D2E}.Debug|Any CPU.ActiveCfg = Debug|Any CPU
		{EC1CAC65-B56A-49A0-8001-6FF8F2DA3D2E}.Release|Any CPU.Build.0 = Release|Any CPU
		{EC1CAC65-B56A-49A0-8001-6FF8F2DA3D2E}.Release|Any CPU.ActiveCfg = Release|Any CPU
		{6CDB1405-063E-4D7A-9B89-D8369E9A5A20}.Debug|Any CPU.Build.0 = Debug|Any CPU
		{6CDB1405-063E-4D7A-9B89-D8369E9A5A20}.Debug|Any CPU.ActiveCfg = Debug|Any CPU
		{6CDB1405-063E-4D7A-9B89-D8369E9A5A20}.Release|Any CPU.Build.0 = Release|Any CPU
		{6CDB1405-063E-4D7A-9B89-D8369E9A5A20}.Release|Any CPU.ActiveCfg = Release|Any CPU
		{DC807921-C44B-43B9-8F71-C40B983030E7}.Debug|Any CPU.Build.0 = Debug|x86
		{DC807921-C44B-43B9-8F71-C40B983030E7}.Debug|Any CPU.ActiveCfg = Debug|x86
		{DC807921-C44B-43B9-8F71-C40B983030E7}.Release|Any CPU.Build.0 = Release|x86
		{DC807921-C44B-43B9-8F71-C40B983030E7}.Release|Any CPU.ActiveCfg = Release|x86
		{C53ADC08-2CFD-4ECD-B153-39E771456CD2}.Debug|Any CPU.Build.0 = Debug|Any CPU
		{C53ADC08-2CFD-4ECD-B153-39E771456CD2}.Debug|Any CPU.ActiveCfg = Debug|Any CPU
		{C53ADC08-2CFD-4ECD-B153-39E771456CD2}.Release|Any CPU.Build.0 = Release|Any CPU
		{C53ADC08-2CFD-4ECD-B153-39E771456CD2}.Release|Any CPU.ActiveCfg = Release|Any CPU
	EndGlobalSection
	GlobalSection(NestedProjects) = preSolution
		{C53ADC08-2CFD-4ECD-B153-39E771456CD2} = {792B0AF6-7E9A-4309-A9C8-2BE65D85799A}
		{DC807921-C44B-43B9-8F71-C40B983030E7} = {792B0AF6-7E9A-4309-A9C8-2BE65D85799A}
		{6CDB1405-063E-4D7A-9B89-D8369E9A5A20} = {792B0AF6-7E9A-4309-A9C8-2BE65D85799A}
		{EC1CAC65-B56A-49A0-8001-6FF8F2DA3D2E} = {792B0AF6-7E9A-4309-A9C8-2BE65D85799A}
		{A07774E6-D62B-4663-8041-515E73D1D06E} = {792B0AF6-7E9A-4309-A9C8-2BE65D85799A}
	EndGlobalSection
EndGlobal
